
Microsoft Visual Studio Solution File, Format Version 12.00
# Visual Studio 2012
Project("{FAE04EC0-301F-11D3-BF4B-00C04F79EFBC}") = "GraphX.WPF.Controls", "GraphX.Controls\GraphX.WPF.Controls.csproj", "{D2E33FEE-6689-4BB4-A95C-1B5C327A1E8F}"
EndProject
Project("{2150E333-8FDC-42A3-9474-1A3956D46DE8}") = "Examples", "Examples", "{D9664367-2C2C-46B2-81A6-26CDCD087B29}"
EndProject
Project("{FAE04EC0-301F-11D3-BF4B-00C04F79EFBC}") = "ShowcaseExample", "Examples\ShowcaseExample\ShowcaseExample.csproj", "{A010A068-AC95-4A37-8054-C0B3DB6CD33F}"
EndProject
Project("{FAE04EC0-301F-11D3-BF4B-00C04F79EFBC}") = "SimpleGraph", "Examples\SimpleGraph\SimpleGraph.csproj", "{E00C5274-AA34-4CC1-BB24-F59BCF130B85}"
EndProject
Project("{FAE04EC0-301F-11D3-BF4B-00C04F79EFBC}") = "WindowsFormsProject", "Examples\WindowsFormsProject\WindowsFormsProject.csproj", "{E8B92A96-39FD-441D-9925-34A6F6DC8BEE}"
EndProject
Project("{2150E333-8FDC-42A3-9474-1A3956D46DE8}") = "Documents", "Documents", "{C6ACB65E-A76D-44E4-9B20-022C0E3498B7}"
	ProjectSection(SolutionItems) = preProject
		Documents\AIV.cs = Documents\AIV.cs
		Documents\CHANGELOG.txt = Documents\CHANGELOG.txt
		Documents\TODO.txt = Documents\TODO.txt
	EndProjectSection
EndProject
Project("{2150E333-8FDC-42A3-9474-1A3956D46DE8}") = "Licenses", "Licenses", "{E33DE020-10E3-44CC-BD32-0516CABD459C}"
	ProjectSection(SolutionItems) = preProject
		Documents\Licenses\Apache2.0.txt = Documents\Licenses\Apache2.0.txt
		Documents\Licenses\MicrosoftPublicLicense.txt = Documents\Licenses\MicrosoftPublicLicense.txt
		Documents\Licenses\readme.txt = Documents\Licenses\readme.txt
		Documents\Licenses\TheMITLicense.txt = Documents\Licenses\TheMITLicense.txt
	EndProjectSection
EndProject
Project("{FAE04EC0-301F-11D3-BF4B-00C04F79EFBC}") = "GraphX.PCL.Common", "GraphX.PCL.Common\GraphX.PCL.Common.csproj", "{3644D44B-DEC0-4B65-BBA0-C68E34821AAE}"
EndProject
Project("{2150E333-8FDC-42A3-9474-1A3956D46DE8}") = "YAXLib", "YAXLib", "{F741097E-D04D-48A5-B956-32D1CE4DDB10}"
EndProject
Project("{FAE04EC0-301F-11D3-BF4B-00C04F79EFBC}") = "YAXLib.PCL.Common", "YAXLib\YAXLib.PCL.Common\YAXLib.PCL.Common.csproj", "{2C800806-B034-4282-B735-DBE6DA633CBB}"
EndProject
Project("{FAE04EC0-301F-11D3-BF4B-00C04F79EFBC}") = "YAXLib", "YAXLib\YAXLib\YAXLib.csproj", "{F1C4D174-C948-4D18-A125-F6855EF55683}"
EndProject
Project("{FAE04EC0-301F-11D3-BF4B-00C04F79EFBC}") = "GraphX.PCL.Logic", "GraphX.PCL.Logic\GraphX.PCL.Logic.csproj", "{A30D218B-AAA4-483A-99F7-EAEB1B8B4610}"
EndProject
Global
	GlobalSection(SolutionConfigurationPlatforms) = preSolution
		Debug|Any CPU = Debug|Any CPU
		Debug|x86 = Debug|x86
		Release|Any CPU = Release|Any CPU
		Release|x86 = Release|x86
	EndGlobalSection
	GlobalSection(ProjectConfigurationPlatforms) = postSolution
		{D2E33FEE-6689-4BB4-A95C-1B5C327A1E8F}.Debug|Any CPU.ActiveCfg = Debug|Any CPU
		{D2E33FEE-6689-4BB4-A95C-1B5C327A1E8F}.Debug|Any CPU.Build.0 = Debug|Any CPU
		{D2E33FEE-6689-4BB4-A95C-1B5C327A1E8F}.Debug|x86.ActiveCfg = Debug|x86
		{D2E33FEE-6689-4BB4-A95C-1B5C327A1E8F}.Debug|x86.Build.0 = Debug|x86
		{D2E33FEE-6689-4BB4-A95C-1B5C327A1E8F}.Release|Any CPU.ActiveCfg = Release|Any CPU
		{D2E33FEE-6689-4BB4-A95C-1B5C327A1E8F}.Release|Any CPU.Build.0 = Release|Any CPU
		{D2E33FEE-6689-4BB4-A95C-1B5C327A1E8F}.Release|x86.ActiveCfg = Release|Any CPU
		{A010A068-AC95-4A37-8054-C0B3DB6CD33F}.Debug|Any CPU.ActiveCfg = Debug|Any CPU
		{A010A068-AC95-4A37-8054-C0B3DB6CD33F}.Debug|Any CPU.Build.0 = Debug|Any CPU
		{A010A068-AC95-4A37-8054-C0B3DB6CD33F}.Debug|x86.ActiveCfg = Debug|x86
		{A010A068-AC95-4A37-8054-C0B3DB6CD33F}.Debug|x86.Build.0 = Debug|x86
		{A010A068-AC95-4A37-8054-C0B3DB6CD33F}.Release|Any CPU.ActiveCfg = Release|Any CPU
		{A010A068-AC95-4A37-8054-C0B3DB6CD33F}.Release|Any CPU.Build.0 = Release|Any CPU
		{A010A068-AC95-4A37-8054-C0B3DB6CD33F}.Release|x86.ActiveCfg = Release|x86
		{A010A068-AC95-4A37-8054-C0B3DB6CD33F}.Release|x86.Build.0 = Release|x86
		{E00C5274-AA34-4CC1-BB24-F59BCF130B85}.Debug|Any CPU.ActiveCfg = Debug|Any CPU
		{E00C5274-AA34-4CC1-BB24-F59BCF130B85}.Debug|Any CPU.Build.0 = Debug|Any CPU
		{E00C5274-AA34-4CC1-BB24-F59BCF130B85}.Debug|x86.ActiveCfg = Debug|x86
		{E00C5274-AA34-4CC1-BB24-F59BCF130B85}.Debug|x86.Build.0 = Debug|x86
		{E00C5274-AA34-4CC1-BB24-F59BCF130B85}.Release|Any CPU.ActiveCfg = Release|Any CPU
		{E00C5274-AA34-4CC1-BB24-F59BCF130B85}.Release|Any CPU.Build.0 = Release|Any CPU
		{E00C5274-AA34-4CC1-BB24-F59BCF130B85}.Release|x86.ActiveCfg = Release|x86
		{E00C5274-AA34-4CC1-BB24-F59BCF130B85}.Release|x86.Build.0 = Release|x86
		{E8B92A96-39FD-441D-9925-34A6F6DC8BEE}.Debug|Any CPU.ActiveCfg = Debug|x86
		{E8B92A96-39FD-441D-9925-34A6F6DC8BEE}.Debug|Any CPU.Build.0 = Debug|x86
		{E8B92A96-39FD-441D-9925-34A6F6DC8BEE}.Debug|x86.ActiveCfg = Debug|x86
		{E8B92A96-39FD-441D-9925-34A6F6DC8BEE}.Debug|x86.Build.0 = Debug|x86
		{E8B92A96-39FD-441D-9925-34A6F6DC8BEE}.Release|Any CPU.ActiveCfg = Release|Any CPU
		{E8B92A96-39FD-441D-9925-34A6F6DC8BEE}.Release|Any CPU.Build.0 = Release|Any CPU
		{E8B92A96-39FD-441D-9925-34A6F6DC8BEE}.Release|x86.ActiveCfg = Release|x86
		{E8B92A96-39FD-441D-9925-34A6F6DC8BEE}.Release|x86.Build.0 = Release|x86
		{3644D44B-DEC0-4B65-BBA0-C68E34821AAE}.Debug|Any CPU.ActiveCfg = Debug|Any CPU
		{3644D44B-DEC0-4B65-BBA0-C68E34821AAE}.Debug|Any CPU.Build.0 = Debug|Any CPU
		{3644D44B-DEC0-4B65-BBA0-C68E34821AAE}.Debug|x86.ActiveCfg = Debug|Any CPU
		{3644D44B-DEC0-4B65-BBA0-C68E34821AAE}.Release|Any CPU.ActiveCfg = Release|Any CPU
		{3644D44B-DEC0-4B65-BBA0-C68E34821AAE}.Release|Any CPU.Build.0 = Release|Any CPU
		{3644D44B-DEC0-4B65-BBA0-C68E34821AAE}.Release|x86.ActiveCfg = Release|Any CPU
		{2C800806-B034-4282-B735-DBE6DA633CBB}.Debug|Any CPU.ActiveCfg = Debug|Any CPU
		{2C800806-B034-4282-B735-DBE6DA633CBB}.Debug|Any CPU.Build.0 = Debug|Any CPU
		{2C800806-B034-4282-B735-DBE6DA633CBB}.Debug|x86.ActiveCfg = Debug|Any CPU
		{2C800806-B034-4282-B735-DBE6DA633CBB}.Release|Any CPU.ActiveCfg = Release|Any CPU
		{2C800806-B034-4282-B735-DBE6DA633CBB}.Release|Any CPU.Build.0 = Release|Any CPU
		{2C800806-B034-4282-B735-DBE6DA633CBB}.Release|x86.ActiveCfg = Release|Any CPU
		{F1C4D174-C948-4D18-A125-F6855EF55683}.Debug|Any CPU.ActiveCfg = Debug|Any CPU
		{F1C4D174-C948-4D18-A125-F6855EF55683}.Debug|Any CPU.Build.0 = Debug|Any CPU
		{F1C4D174-C948-4D18-A125-F6855EF55683}.Debug|x86.ActiveCfg = Debug|Any CPU
		{F1C4D174-C948-4D18-A125-F6855EF55683}.Release|Any CPU.ActiveCfg = Release|Any CPU
		{F1C4D174-C948-4D18-A125-F6855EF55683}.Release|Any CPU.Build.0 = Release|Any CPU
		{F1C4D174-C948-4D18-A125-F6855EF55683}.Release|x86.ActiveCfg = Release|Any CPU
		{A30D218B-AAA4-483A-99F7-EAEB1B8B4610}.Debug|Any CPU.ActiveCfg = Debug|Any CPU
		{A30D218B-AAA4-483A-99F7-EAEB1B8B4610}.Debug|Any CPU.Build.0 = Debug|Any CPU
		{A30D218B-AAA4-483A-99F7-EAEB1B8B4610}.Debug|x86.ActiveCfg = Debug|Any CPU
		{A30D218B-AAA4-483A-99F7-EAEB1B8B4610}.Release|Any CPU.ActiveCfg = Release|Any CPU
		{A30D218B-AAA4-483A-99F7-EAEB1B8B4610}.Release|Any CPU.Build.0 = Release|Any CPU
		{A30D218B-AAA4-483A-99F7-EAEB1B8B4610}.Release|x86.ActiveCfg = Release|Any CPU
	EndGlobalSection
	GlobalSection(SolutionProperties) = preSolution
		HideSolutionNode = FALSE
	EndGlobalSection
	GlobalSection(NestedProjects) = preSolution
		{A010A068-AC95-4A37-8054-C0B3DB6CD33F} = {D9664367-2C2C-46B2-81A6-26CDCD087B29}
		{E00C5274-AA34-4CC1-BB24-F59BCF130B85} = {D9664367-2C2C-46B2-81A6-26CDCD087B29}
		{E8B92A96-39FD-441D-9925-34A6F6DC8BEE} = {D9664367-2C2C-46B2-81A6-26CDCD087B29}
		{E33DE020-10E3-44CC-BD32-0516CABD459C} = {C6ACB65E-A76D-44E4-9B20-022C0E3498B7}
		{2C800806-B034-4282-B735-DBE6DA633CBB} = {F741097E-D04D-48A5-B956-32D1CE4DDB10}
		{F1C4D174-C948-4D18-A125-F6855EF55683} = {F741097E-D04D-48A5-B956-32D1CE4DDB10}
	EndGlobalSection
	GlobalSection(ExtensibilityGlobals) = postSolution
		VisualSVNWorkingCopyRoot = .
	EndGlobalSection
EndGlobal
