
Microsoft Visual Studio Solution File, Format Version 12.00
# Visual Studio Version 16
VisualStudioVersion = 16.0.29613.14
MinimumVisualStudioVersion = 10.0.40219.1
Project("{2150E333-8FDC-42A3-9474-1A3956D46DE8}") = "Examples", "Examples", "{D9664367-2C2C-46B2-81A6-26CDCD087B29}"
EndProject
Project("{2150E333-8FDC-42A3-9474-1A3956D46DE8}") = "Documents", "Documents", "{C6ACB65E-A76D-44E4-9B20-022C0E3498B7}"
	ProjectSection(SolutionItems) = preProject
		Documents\CHANGELOG.txt = Documents\CHANGELOG.txt
		README.md = README.md
		Documents\TODO.txt = Documents\TODO.txt
	EndProjectSection
EndProject
Project("{2150E333-8FDC-42A3-9474-1A3956D46DE8}") = "Licenses", "Licenses", "{E33DE020-10E3-44CC-BD32-0516CABD459C}"
	ProjectSection(SolutionItems) = preProject
		Documents\Licenses\License.Extended WPF Toolkit.txt = Documents\Licenses\License.Extended WPF Toolkit.txt
		Documents\Licenses\License.Graph# - GraphX.txt = Documents\Licenses\License.Graph# - GraphX.txt
		Documents\Licenses\License.icons.txt = Documents\Licenses\License.icons.txt
		Documents\Licenses\License.ModernUI.txt = Documents\Licenses\License.ModernUI.txt
		Documents\Licenses\License.NodeXL.txt = Documents\Licenses\License.NodeXL.txt
		Documents\Licenses\License.Quikgraph.txt = Documents\Licenses\License.Quikgraph.txt
		Documents\Licenses\License.RelativeAnimatingContentControl.txt = Documents\Licenses\License.RelativeAnimatingContentControl.txt
		Documents\Licenses\License.WPFExtensions.txt = Documents\Licenses\License.WPFExtensions.txt
		Documents\Licenses\License.YAXLib.txt = Documents\Licenses\License.YAXLib.txt
	EndProjectSection
EndProject
Project("{2150E333-8FDC-42A3-9474-1A3956D46DE8}") = "Externals", "Externals", "{C7DE85B0-A017-4DF7-AE7A-A1197B5D0D47}"
EndProject
Project("{FAE04EC0-301F-11D3-BF4B-00C04F79EFBC}") = "GraphX.Controls", "GraphX.Controls\GraphX.Controls.csproj", "{D2E33FEE-6689-4BB4-A95C-1B5C327A1E8F}"
EndProject
Project("{FAE04EC0-301F-11D3-BF4B-00C04F79EFBC}") = "SimpleGraph", "Examples\SimpleGraph\SimpleGraph.csproj", "{E00C5274-AA34-4CC1-BB24-F59BCF130B85}"
EndProject
Project("{FAE04EC0-301F-11D3-BF4B-00C04F79EFBC}") = "ShowcaseApp.WPF", "Examples\ShowcaseApp.WPF\ShowcaseApp.WPF.csproj", "{C054C423-7284-46A6-9738-B82E2237E9C7}"
EndProject
Project("{9A19103F-16F7-4668-BE54-9A1E7A4F7556}") = "GraphX.Standard.Common", "GraphX.Standard.Common\GraphX.Standard.Common.csproj", "{A03C3866-8F38-4F1D-8D08-6B187F418D51}"
EndProject
Project("{2150E333-8FDC-42A3-9474-1A3956D46DE8}") = "Solution Items", "Solution Items", "{528D0C46-D00D-41EE-8735-CE2537B2848C}"
	ProjectSection(SolutionItems) = preProject
		info.md = info.md
	EndProjectSection
EndProject
Project("{9A19103F-16F7-4668-BE54-9A1E7A4F7556}") = "GraphX.Standard.Logic", "GraphX.Standard.Logic\GraphX.Standard.Logic.csproj", "{7E4599AB-9A9A-4185-B651-20331153CE7A}"
EndProject
Global
	GlobalSection(SolutionConfigurationPlatforms) = preSolution
		Debug|Any CPU = Debug|Any CPU
		Debug|ARM = Debug|ARM
		Debug|x64 = Debug|x64
		Debug|x86 = Debug|x86
		Release|Any CPU = Release|Any CPU
		Release|ARM = Release|ARM
		Release|x64 = Release|x64
		Release|x86 = Release|x86
	EndGlobalSection
	GlobalSection(ProjectConfigurationPlatforms) = postSolution
		{D2E33FEE-6689-4BB4-A95C-1B5C327A1E8F}.Debug|Any CPU.ActiveCfg = Debug|Any CPU
		{D2E33FEE-6689-4BB4-A95C-1B5C327A1E8F}.Debug|Any CPU.Build.0 = Debug|Any CPU
		{D2E33FEE-6689-4BB4-A95C-1B5C327A1E8F}.Debug|ARM.ActiveCfg = Debug|Any CPU
		{D2E33FEE-6689-4BB4-A95C-1B5C327A1E8F}.Debug|x64.ActiveCfg = Debug|Any CPU
		{D2E33FEE-6689-4BB4-A95C-1B5C327A1E8F}.Debug|x86.ActiveCfg = Debug|x86
		{D2E33FEE-6689-4BB4-A95C-1B5C327A1E8F}.Debug|x86.Build.0 = Debug|x86
		{D2E33FEE-6689-4BB4-A95C-1B5C327A1E8F}.Release|Any CPU.ActiveCfg = Release|Any CPU
		{D2E33FEE-6689-4BB4-A95C-1B5C327A1E8F}.Release|Any CPU.Build.0 = Release|Any CPU
		{D2E33FEE-6689-4BB4-A95C-1B5C327A1E8F}.Release|ARM.ActiveCfg = Release|Any CPU
		{D2E33FEE-6689-4BB4-A95C-1B5C327A1E8F}.Release|x64.ActiveCfg = Release|Any CPU
		{D2E33FEE-6689-4BB4-A95C-1B5C327A1E8F}.Release|x86.ActiveCfg = Release|Any CPU
		{E00C5274-AA34-4CC1-BB24-F59BCF130B85}.Debug|Any CPU.ActiveCfg = Debug|Any CPU
		{E00C5274-AA34-4CC1-BB24-F59BCF130B85}.Debug|Any CPU.Build.0 = Debug|Any CPU
		{E00C5274-AA34-4CC1-BB24-F59BCF130B85}.Debug|ARM.ActiveCfg = Debug|Any CPU
		{E00C5274-AA34-4CC1-BB24-F59BCF130B85}.Debug|x64.ActiveCfg = Debug|Any CPU
		{E00C5274-AA34-4CC1-BB24-F59BCF130B85}.Debug|x86.ActiveCfg = Debug|x86
		{E00C5274-AA34-4CC1-BB24-F59BCF130B85}.Debug|x86.Build.0 = Debug|x86
		{E00C5274-AA34-4CC1-BB24-F59BCF130B85}.Release|Any CPU.ActiveCfg = Release|Any CPU
		{E00C5274-AA34-4CC1-BB24-F59BCF130B85}.Release|Any CPU.Build.0 = Release|Any CPU
		{E00C5274-AA34-4CC1-BB24-F59BCF130B85}.Release|ARM.ActiveCfg = Release|Any CPU
		{E00C5274-AA34-4CC1-BB24-F59BCF130B85}.Release|x64.ActiveCfg = Release|Any CPU
		{E00C5274-AA34-4CC1-BB24-F59BCF130B85}.Release|x86.ActiveCfg = Release|x86
		{E00C5274-AA34-4CC1-BB24-F59BCF130B85}.Release|x86.Build.0 = Release|x86
		{C054C423-7284-46A6-9738-B82E2237E9C7}.Debug|Any CPU.ActiveCfg = Debug|Any CPU
		{C054C423-7284-46A6-9738-B82E2237E9C7}.Debug|Any CPU.Build.0 = Debug|Any CPU
		{C054C423-7284-46A6-9738-B82E2237E9C7}.Debug|ARM.ActiveCfg = Debug|Any CPU
		{C054C423-7284-46A6-9738-B82E2237E9C7}.Debug|ARM.Build.0 = Debug|Any CPU
		{C054C423-7284-46A6-9738-B82E2237E9C7}.Debug|x64.ActiveCfg = Debug|Any CPU
		{C054C423-7284-46A6-9738-B82E2237E9C7}.Debug|x64.Build.0 = Debug|Any CPU
		{C054C423-7284-46A6-9738-B82E2237E9C7}.Debug|x86.ActiveCfg = Debug|Any CPU
		{C054C423-7284-46A6-9738-B82E2237E9C7}.Debug|x86.Build.0 = Debug|Any CPU
		{C054C423-7284-46A6-9738-B82E2237E9C7}.Release|Any CPU.ActiveCfg = Release|Any CPU
		{C054C423-7284-46A6-9738-B82E2237E9C7}.Release|Any CPU.Build.0 = Release|Any CPU
		{C054C423-7284-46A6-9738-B82E2237E9C7}.Release|ARM.ActiveCfg = Release|Any CPU
		{C054C423-7284-46A6-9738-B82E2237E9C7}.Release|ARM.Build.0 = Release|Any CPU
		{C054C423-7284-46A6-9738-B82E2237E9C7}.Release|x64.ActiveCfg = Release|Any CPU
		{C054C423-7284-46A6-9738-B82E2237E9C7}.Release|x64.Build.0 = Release|Any CPU
		{C054C423-7284-46A6-9738-B82E2237E9C7}.Release|x86.ActiveCfg = Release|Any CPU
		{C054C423-7284-46A6-9738-B82E2237E9C7}.Release|x86.Build.0 = Release|Any CPU
		{A03C3866-8F38-4F1D-8D08-6B187F418D51}.Debug|Any CPU.ActiveCfg = Debug|Any CPU
		{A03C3866-8F38-4F1D-8D08-6B187F418D51}.Debug|Any CPU.Build.0 = Debug|Any CPU
		{A03C3866-8F38-4F1D-8D08-6B187F418D51}.Debug|ARM.ActiveCfg = Debug|Any CPU
		{A03C3866-8F38-4F1D-8D08-6B187F418D51}.Debug|ARM.Build.0 = Debug|Any CPU
		{A03C3866-8F38-4F1D-8D08-6B187F418D51}.Debug|x64.ActiveCfg = Debug|Any CPU
		{A03C3866-8F38-4F1D-8D08-6B187F418D51}.Debug|x64.Build.0 = Debug|Any CPU
		{A03C3866-8F38-4F1D-8D08-6B187F418D51}.Debug|x86.ActiveCfg = Debug|Any CPU
		{A03C3866-8F38-4F1D-8D08-6B187F418D51}.Debug|x86.Build.0 = Debug|Any CPU
		{A03C3866-8F38-4F1D-8D08-6B187F418D51}.Release|Any CPU.ActiveCfg = Release|Any CPU
		{A03C3866-8F38-4F1D-8D08-6B187F418D51}.Release|Any CPU.Build.0 = Release|Any CPU
		{A03C3866-8F38-4F1D-8D08-6B187F418D51}.Release|ARM.ActiveCfg = Release|Any CPU
		{A03C3866-8F38-4F1D-8D08-6B187F418D51}.Release|ARM.Build.0 = Release|Any CPU
		{A03C3866-8F38-4F1D-8D08-6B187F418D51}.Release|x64.ActiveCfg = Release|Any CPU
		{A03C3866-8F38-4F1D-8D08-6B187F418D51}.Release|x64.Build.0 = Release|Any CPU
		{A03C3866-8F38-4F1D-8D08-6B187F418D51}.Release|x86.ActiveCfg = Release|Any CPU
		{A03C3866-8F38-4F1D-8D08-6B187F418D51}.Release|x86.Build.0 = Release|Any CPU
		{7E4599AB-9A9A-4185-B651-20331153CE7A}.Debug|Any CPU.ActiveCfg = Debug|Any CPU
		{7E4599AB-9A9A-4185-B651-20331153CE7A}.Debug|Any CPU.Build.0 = Debug|Any CPU
		{7E4599AB-9A9A-4185-B651-20331153CE7A}.Debug|ARM.ActiveCfg = Debug|Any CPU
		{7E4599AB-9A9A-4185-B651-20331153CE7A}.Debug|ARM.Build.0 = Debug|Any CPU
		{7E4599AB-9A9A-4185-B651-20331153CE7A}.Debug|x64.ActiveCfg = Debug|Any CPU
		{7E4599AB-9A9A-4185-B651-20331153CE7A}.Debug|x64.Build.0 = Debug|Any CPU
		{7E4599AB-9A9A-4185-B651-20331153CE7A}.Debug|x86.ActiveCfg = Debug|Any CPU
		{7E4599AB-9A9A-4185-B651-20331153CE7A}.Debug|x86.Build.0 = Debug|Any CPU
		{7E4599AB-9A9A-4185-B651-20331153CE7A}.Release|Any CPU.ActiveCfg = Release|Any CPU
		{7E4599AB-9A9A-4185-B651-20331153CE7A}.Release|Any CPU.Build.0 = Release|Any CPU
		{7E4599AB-9A9A-4185-B651-20331153CE7A}.Release|ARM.ActiveCfg = Release|Any CPU
		{7E4599AB-9A9A-4185-B651-20331153CE7A}.Release|ARM.Build.0 = Release|Any CPU
		{7E4599AB-9A9A-4185-B651-20331153CE7A}.Release|x64.ActiveCfg = Release|Any CPU
		{7E4599AB-9A9A-4185-B651-20331153CE7A}.Release|x64.Build.0 = Release|Any CPU
		{7E4599AB-9A9A-4185-B651-20331153CE7A}.Release|x86.ActiveCfg = Release|Any CPU
		{7E4599AB-9A9A-4185-B651-20331153CE7A}.Release|x86.Build.0 = Release|Any CPU
	EndGlobalSection
	GlobalSection(SolutionProperties) = preSolution
		HideSolutionNode = FALSE
	EndGlobalSection
	GlobalSection(NestedProjects) = preSolution
		{E33DE020-10E3-44CC-BD32-0516CABD459C} = {C6ACB65E-A76D-44E4-9B20-022C0E3498B7}
		{E00C5274-AA34-4CC1-BB24-F59BCF130B85} = {D9664367-2C2C-46B2-81A6-26CDCD087B29}
		{C054C423-7284-46A6-9738-B82E2237E9C7} = {D9664367-2C2C-46B2-81A6-26CDCD087B29}
	EndGlobalSection
	GlobalSection(ExtensibilityGlobals) = postSolution
		SolutionGuid = {9548CBF3-9C1D-4132-B928-475E2AA6A99B}
		VisualSVNWorkingCopyRoot = .
	EndGlobalSection
EndGlobal
